
Microsoft Visual Studio Solution File, Format Version 12.00
# Visual Studio Version 17
VisualStudioVersion = 17.0.31912.275
MinimumVisualStudioVersion = 10.0.40219.1
Project("{FAE04EC0-301F-11D3-BF4B-00C04F79EFBC}") = "AutoRefreshRateChangerWorker", "AutoRefreshRateChangerWorker.csproj", "{D3AA094A-795A-4BA2-AA5E-4D27C59A1769}"
EndProject
Global
	GlobalSection(SolutionConfigurationPlatforms) = preSolution
		Debug|Any CPU = Debug|Any CPU
		Release|Any CPU = Release|Any CPU
	EndGlobalSection
	GlobalSection(ProjectConfigurationPlatforms) = postSolution
		{D3AA094A-795A-4BA2-AA5E-4D27C59A1769}.Debug|Any CPU.ActiveCfg = Debug|Any CPU
		{D3AA094A-795A-4BA2-AA5E-4D27C59A1769}.Debug|Any CPU.Build.0 = Debug|Any CPU
		{D3AA094A-795A-4BA2-AA5E-4D27C59A1769}.Release|Any CPU.ActiveCfg = Release|Any CPU
		{D3AA094A-795A-4BA2-AA5E-4D27C59A1769}.Release|Any CPU.Build.0 = Release|Any CPU
	EndGlobalSection
	GlobalSection(SolutionProperties) = preSolution
		HideSolutionNode = FALSE
	EndGlobalSection
	GlobalSection(ExtensibilityGlobals) = postSolution
		SolutionGuid = {DD3D1FE2-AA2D-4EBD-8D8A-C0C6ADFB371C}
	EndGlobalSection
EndGlobal
